
Microsoft Visual Studio Solution File, Format Version 12.00
# Visual Studio Version 17
VisualStudioVersion = 17.11.35312.102
MinimumVisualStudioVersion = 10.0.40219.1
Project("{888888A0-9F3D-457C-B088-3A5042F75D52}") = "Simple Security Information and Event Management", "Simple Security Information and Event Management\Simple Security Information and Event Management.pyproj", "{3B1544C7-5736-417C-9FF6-5971EB074F26}"
EndProject
Global
	GlobalSection(SolutionConfigurationPlatforms) = preSolution
		Debug|Any CPU = Debug|Any CPU
		Release|Any CPU = Release|Any CPU
	EndGlobalSection
	GlobalSection(ProjectConfigurationPlatforms) = postSolution
		{3B1544C7-5736-417C-9FF6-5971EB074F26}.Debug|Any CPU.ActiveCfg = Debug|Any CPU
		{3B1544C7-5736-417C-9FF6-5971EB074F26}.Release|Any CPU.ActiveCfg = Release|Any CPU
	EndGlobalSection
	GlobalSection(SolutionProperties) = preSolution
		HideSolutionNode = FALSE
	EndGlobalSection
	GlobalSection(ExtensibilityGlobals) = postSolution
		SolutionGuid = {F9851825-9871-417C-853A-23440DC3144C}
	EndGlobalSection
EndGlobal
